
Microsoft Visual Studio Solution File, Format Version 11.00
# Visual Studio 2010
Project("{FAE04EC0-301F-11D3-BF4B-00C04F79EFBC}") = "class_IDZ1", "class_IDZ1\class_IDZ1.csproj", "{5081B284-B7FA-4728-9B33-A8F88741CBEB}"
EndProject
Project("{2150E333-8FDC-42A3-9474-1A3956D46DE8}") = "Solution Items", "Solution Items", "{40C7B2CD-637D-4463-A0B1-A525C3CF4C93}"
	ProjectSection(SolutionItems) = preProject
		class_IDZ1.vsmdi = class_IDZ1.vsmdi
		Local.testsettings = Local.testsettings
		TraceAndTestImpact.testsettings = TraceAndTestImpact.testsettings
	EndProjectSection
EndProject
Global
	GlobalSection(TestCaseManagementSettings) = postSolution
		CategoryFile = class_IDZ1.vsmdi
	EndGlobalSection
	GlobalSection(SolutionConfigurationPlatforms) = preSolution
		Debug|Any CPU = Debug|Any CPU
		Debug|Mixed Platforms = Debug|Mixed Platforms
		Debug|x86 = Debug|x86
		Release|Any CPU = Release|Any CPU
		Release|Mixed Platforms = Release|Mixed Platforms
		Release|x86 = Release|x86
	EndGlobalSection
	GlobalSection(ProjectConfigurationPlatforms) = postSolution
		{5081B284-B7FA-4728-9B33-A8F88741CBEB}.Debug|Any CPU.ActiveCfg = Debug|x86
		{5081B284-B7FA-4728-9B33-A8F88741CBEB}.Debug|Mixed Platforms.ActiveCfg = Debug|x86
		{5081B284-B7FA-4728-9B33-A8F88741CBEB}.Debug|Mixed Platforms.Build.0 = Debug|x86
		{5081B284-B7FA-4728-9B33-A8F88741CBEB}.Debug|x86.ActiveCfg = Debug|x86
		{5081B284-B7FA-4728-9B33-A8F88741CBEB}.Debug|x86.Build.0 = Debug|x86
		{5081B284-B7FA-4728-9B33-A8F88741CBEB}.Release|Any CPU.ActiveCfg = Release|x86
		{5081B284-B7FA-4728-9B33-A8F88741CBEB}.Release|Mixed Platforms.ActiveCfg = Release|x86
		{5081B284-B7FA-4728-9B33-A8F88741CBEB}.Release|Mixed Platforms.Build.0 = Release|x86
		{5081B284-B7FA-4728-9B33-A8F88741CBEB}.Release|x86.ActiveCfg = Release|x86
		{5081B284-B7FA-4728-9B33-A8F88741CBEB}.Release|x86.Build.0 = Release|x86
	EndGlobalSection
	GlobalSection(SolutionProperties) = preSolution
		HideSolutionNode = FALSE
	EndGlobalSection
EndGlobal
